
Microsoft Visual Studio Solution File, Format Version 12.00
# Visual Studio Version 17
VisualStudioVersion = 17.7.34202.233
MinimumVisualStudioVersion = 10.0.40219.1
Project("{FAE04EC0-301F-11D3-BF4B-00C04F79EFBC}") = "PedraPapelTesoura", "PedraPapelTesoura\PedraPapelTesoura.csproj", "{FBDEF8C3-1A94-4FB9-9D18-F5FAC3A49CDB}"
EndProject
Global
	GlobalSection(SolutionConfigurationPlatforms) = preSolution
		Debug|Any CPU = Debug|Any CPU
		Release|Any CPU = Release|Any CPU
	EndGlobalSection
	GlobalSection(ProjectConfigurationPlatforms) = postSolution
		{FBDEF8C3-1A94-4FB9-9D18-F5FAC3A49CDB}.Debug|Any CPU.ActiveCfg = Debug|Any CPU
		{FBDEF8C3-1A94-4FB9-9D18-F5FAC3A49CDB}.Debug|Any CPU.Build.0 = Debug|Any CPU
		{FBDEF8C3-1A94-4FB9-9D18-F5FAC3A49CDB}.Release|Any CPU.ActiveCfg = Release|Any CPU
		{FBDEF8C3-1A94-4FB9-9D18-F5FAC3A49CDB}.Release|Any CPU.Build.0 = Release|Any CPU
	EndGlobalSection
	GlobalSection(SolutionProperties) = preSolution
		HideSolutionNode = FALSE
	EndGlobalSection
	GlobalSection(ExtensibilityGlobals) = postSolution
		SolutionGuid = {C7681A77-8B0C-4178-8D7C-EE7C6EC0AC83}
	EndGlobalSection
EndGlobal
